
Microsoft Visual Studio Solution File, Format Version 12.00
# Visual Studio Version 17
VisualStudioVersion = 17.13.35806.99 d17.13
MinimumVisualStudioVersion = 10.0.40219.1
Project("{FAE04EC0-301F-11D3-BF4B-00C04F79EFBC}") = "CalculadoraService", "CalculadoraService\CalculadoraService.csproj", "{9C993BC3-4B5B-4EEB-8F94-7FEBF5A181DC}"
EndProject
Project("{FAE04EC0-301F-11D3-BF4B-00C04F79EFBC}") = "Clientes", "Clientes\Clientes.csproj", "{C0AE8ADD-F147-4CBD-8211-308E2EC2CCC2}"
EndProject
Global
	GlobalSection(SolutionConfigurationPlatforms) = preSolution
		Debug|Any CPU = Debug|Any CPU
		Release|Any CPU = Release|Any CPU
	EndGlobalSection
	GlobalSection(ProjectConfigurationPlatforms) = postSolution
		{9C993BC3-4B5B-4EEB-8F94-7FEBF5A181DC}.Debug|Any CPU.ActiveCfg = Debug|Any CPU
		{9C993BC3-4B5B-4EEB-8F94-7FEBF5A181DC}.Debug|Any CPU.Build.0 = Debug|Any CPU
		{9C993BC3-4B5B-4EEB-8F94-7FEBF5A181DC}.Release|Any CPU.ActiveCfg = Release|Any CPU
		{9C993BC3-4B5B-4EEB-8F94-7FEBF5A181DC}.Release|Any CPU.Build.0 = Release|Any CPU
		{C0AE8ADD-F147-4CBD-8211-308E2EC2CCC2}.Debug|Any CPU.ActiveCfg = Debug|Any CPU
		{C0AE8ADD-F147-4CBD-8211-308E2EC2CCC2}.Debug|Any CPU.Build.0 = Debug|Any CPU
		{C0AE8ADD-F147-4CBD-8211-308E2EC2CCC2}.Release|Any CPU.ActiveCfg = Release|Any CPU
		{C0AE8ADD-F147-4CBD-8211-308E2EC2CCC2}.Release|Any CPU.Build.0 = Release|Any CPU
	EndGlobalSection
	GlobalSection(SolutionProperties) = preSolution
		HideSolutionNode = FALSE
	EndGlobalSection
	GlobalSection(ExtensibilityGlobals) = postSolution
		SolutionGuid = {DC267FDD-923C-4570-B3C8-DF9DA151FA91}
	EndGlobalSection
EndGlobal
